
Microsoft Visual Studio Solution File, Format Version 12.00
# Visual Studio Version 16
VisualStudioVersion = 16.0.30611.23
MinimumVisualStudioVersion = 10.0.40219.1
Project("{FAE04EC0-301F-11D3-BF4B-00C04F79EFBC}") = "MigrateSOtoADS", "MigrateSOtoADS\MigrateSOtoADS.csproj", "{630C152F-B059-409B-8415-514B50D761CA}"
EndProject
Project("{FAE04EC0-301F-11D3-BF4B-00C04F79EFBC}") = "TimelogProcesser", "TimelogProcesser\TimelogProcesser.csproj", "{770EF74C-8F1C-4DB6-8307-37A0CC245CFA}"
EndProject
Project("{FAE04EC0-301F-11D3-BF4B-00C04F79EFBC}") = "Shared", "Shared\Shared.csproj", "{E45D855B-9485-42BF-8F6C-4F348EFF581C}"
EndProject
Global
	GlobalSection(SolutionConfigurationPlatforms) = preSolution
		Debug|Any CPU = Debug|Any CPU
		Release|Any CPU = Release|Any CPU
	EndGlobalSection
	GlobalSection(ProjectConfigurationPlatforms) = postSolution
		{630C152F-B059-409B-8415-514B50D761CA}.Debug|Any CPU.ActiveCfg = Debug|Any CPU
		{630C152F-B059-409B-8415-514B50D761CA}.Debug|Any CPU.Build.0 = Debug|Any CPU
		{630C152F-B059-409B-8415-514B50D761CA}.Release|Any CPU.ActiveCfg = Release|Any CPU
		{630C152F-B059-409B-8415-514B50D761CA}.Release|Any CPU.Build.0 = Release|Any CPU
		{770EF74C-8F1C-4DB6-8307-37A0CC245CFA}.Debug|Any CPU.ActiveCfg = Debug|Any CPU
		{770EF74C-8F1C-4DB6-8307-37A0CC245CFA}.Debug|Any CPU.Build.0 = Debug|Any CPU
		{770EF74C-8F1C-4DB6-8307-37A0CC245CFA}.Release|Any CPU.ActiveCfg = Release|Any CPU
		{770EF74C-8F1C-4DB6-8307-37A0CC245CFA}.Release|Any CPU.Build.0 = Release|Any CPU
		{E45D855B-9485-42BF-8F6C-4F348EFF581C}.Debug|Any CPU.ActiveCfg = Debug|Any CPU
		{E45D855B-9485-42BF-8F6C-4F348EFF581C}.Debug|Any CPU.Build.0 = Debug|Any CPU
		{E45D855B-9485-42BF-8F6C-4F348EFF581C}.Release|Any CPU.ActiveCfg = Release|Any CPU
		{E45D855B-9485-42BF-8F6C-4F348EFF581C}.Release|Any CPU.Build.0 = Release|Any CPU
	EndGlobalSection
	GlobalSection(SolutionProperties) = preSolution
		HideSolutionNode = FALSE
	EndGlobalSection
	GlobalSection(ExtensibilityGlobals) = postSolution
		SolutionGuid = {2411974F-F552-4EA2-A3DE-B6306DE09F1C}
	EndGlobalSection
EndGlobal
