
Microsoft Visual Studio Solution File, Format Version 12.00
# Visual Studio Version 16
VisualStudioVersion = 16.0.30611.23
MinimumVisualStudioVersion = 10.0.40219.1
Project("{FAE04EC0-301F-11D3-BF4B-00C04F79EFBC}") = "MigrateSOtoADS", "MigrateSOtoADS\MigrateSOtoADS.csproj", "{630C152F-B059-409B-8415-514B50D761CA}"
EndProject
Project("{FAE04EC0-301F-11D3-BF4B-00C04F79EFBC}") = "TimeLogLibrary", "TimeLogLibrary\TimeLogLibrary.csproj", "{E2BFD606-41CE-4249-AF1F-02CF1B90D17D}"
EndProject
Global
	GlobalSection(SolutionConfigurationPlatforms) = preSolution
		Debug|Any CPU = Debug|Any CPU
		Release|Any CPU = Release|Any CPU
	EndGlobalSection
	GlobalSection(ProjectConfigurationPlatforms) = postSolution
		{630C152F-B059-409B-8415-514B50D761CA}.Debug|Any CPU.ActiveCfg = Debug|Any CPU
		{630C152F-B059-409B-8415-514B50D761CA}.Debug|Any CPU.Build.0 = Debug|Any CPU
		{630C152F-B059-409B-8415-514B50D761CA}.Release|Any CPU.ActiveCfg = Release|Any CPU
		{630C152F-B059-409B-8415-514B50D761CA}.Release|Any CPU.Build.0 = Release|Any CPU
		{E2BFD606-41CE-4249-AF1F-02CF1B90D17D}.Debug|Any CPU.ActiveCfg = Debug|Any CPU
		{E2BFD606-41CE-4249-AF1F-02CF1B90D17D}.Debug|Any CPU.Build.0 = Debug|Any CPU
		{E2BFD606-41CE-4249-AF1F-02CF1B90D17D}.Release|Any CPU.ActiveCfg = Release|Any CPU
		{E2BFD606-41CE-4249-AF1F-02CF1B90D17D}.Release|Any CPU.Build.0 = Release|Any CPU
	EndGlobalSection
	GlobalSection(SolutionProperties) = preSolution
		HideSolutionNode = FALSE
	EndGlobalSection
	GlobalSection(ExtensibilityGlobals) = postSolution
		SolutionGuid = {2411974F-F552-4EA2-A3DE-B6306DE09F1C}
	EndGlobalSection
EndGlobal
